// !$*UTF8*$!
{
	archiveVersion = 1;
	classes = {
	};
	objectVersion = 55;
	objects = {

/* Begin PBXBuildFile section */
		C57FB3AE2845072C0056BAEF /* AppDelegate.swift in Sources */ = {isa = PBXBuildFile; fileRef = C57FB3AD2845072C0056BAEF /* AppDelegate.swift */; };
		C57FB3B02845072C0056BAEF /* SceneDelegate.swift in Sources */ = {isa = PBXBuildFile; fileRef = C57FB3AF2845072C0056BAEF /* SceneDelegate.swift */; };
		C57FB3B52845072C0056BAEF /* Main.storyboard in Resources */ = {isa = PBXBuildFile; fileRef = C57FB3B32845072C0056BAEF /* Main.storyboard */; };
		C57FB3B72845072E0056BAEF /* Assets.xcassets in Resources */ = {isa = PBXBuildFile; fileRef = C57FB3B62845072E0056BAEF /* Assets.xcassets */; };
		C57FB3BA2845072E0056BAEF /* LaunchScreen.storyboard in Resources */ = {isa = PBXBuildFile; fileRef = C57FB3B82845072E0056BAEF /* LaunchScreen.storyboard */; };
		C57FB40A2845095C0056BAEF /* CurrencyCell.swift in Sources */ = {isa = PBXBuildFile; fileRef = C57FB3F02845095C0056BAEF /* CurrencyCell.swift */; };
		C57FB40B2845095C0056BAEF /* CurrencyViewController.swift in Sources */ = {isa = PBXBuildFile; fileRef = C57FB3F22845095C0056BAEF /* CurrencyViewController.swift */; };
		C57FB40C2845095C0056BAEF /* CurrencyConverterViewController.swift in Sources */ = {isa = PBXBuildFile; fileRef = C57FB3F32845095C0056BAEF /* CurrencyConverterViewController.swift */; };
		C57FB40D2845095C0056BAEF /* CurrencyDataSource.swift in Sources */ = {isa = PBXBuildFile; fileRef = C57FB3F52845095C0056BAEF /* CurrencyDataSource.swift */; };
		C57FB40E2845095C0056BAEF /* CurrencyViewModel.swift in Sources */ = {isa = PBXBuildFile; fileRef = C57FB3F62845095C0056BAEF /* CurrencyViewModel.swift */; };
		C57FB40F2845095C0056BAEF /* Result.swift in Sources */ = {isa = PBXBuildFile; fileRef = C57FB3F92845095C0056BAEF /* Result.swift */; };
		C57FB4102845095C0056BAEF /* ErrorResult.swift in Sources */ = {isa = PBXBuildFile; fileRef = C57FB3FA2845095C0056BAEF /* ErrorResult.swift */; };
		C57FB4112845095C0056BAEF /* CurrencyService.swift in Sources */ = {isa = PBXBuildFile; fileRef = C57FB3FB2845095C0056BAEF /* CurrencyService.swift */; };
		C57FB4122845095C0056BAEF /* RequestService.swift in Sources */ = {isa = PBXBuildFile; fileRef = C57FB3FD2845095C0056BAEF /* RequestService.swift */; };
		C57FB4132845095C0056BAEF /* RequestHandler.swift in Sources */ = {isa = PBXBuildFile; fileRef = C57FB3FE2845095C0056BAEF /* RequestHandler.swift */; };
		C57FB4142845095C0056BAEF /* RequestFactory.swift in Sources */ = {isa = PBXBuildFile; fileRef = C57FB3FF2845095C0056BAEF /* RequestFactory.swift */; };
		C57FB4152845095C0056BAEF /* ParserHelper.swift in Sources */ = {isa = PBXBuildFile; fileRef = C57FB4012845095C0056BAEF /* ParserHelper.swift */; };
		C57FB4162845095C0056BAEF /* AlertControllerHelper.swift in Sources */ = {isa = PBXBuildFile; fileRef = C57FB4032845095C0056BAEF /* AlertControllerHelper.swift */; };
		C57FB4172845095C0056BAEF /* Extensions.swift in Sources */ = {isa = PBXBuildFile; fileRef = C57FB4042845095C0056BAEF /* Extensions.swift */; };
		C57FB4182845095C0056BAEF /* Reachability.swift in Sources */ = {isa = PBXBuildFile; fileRef = C57FB4052845095C0056BAEF /* Reachability.swift */; };
		C57FB4192845095C0056BAEF /* Currency.swift in Sources */ = {isa = PBXBuildFile; fileRef = C57FB4072845095C0056BAEF /* Currency.swift */; };
		C57FB41A2845095C0056BAEF /* DynamicValue.swift in Sources */ = {isa = PBXBuildFile; fileRef = C57FB4082845095C0056BAEF /* DynamicValue.swift */; };
		C57FB41B2845095C0056BAEF /* Converter.swift in Sources */ = {isa = PBXBuildFile; fileRef = C57FB4092845095C0056BAEF /* Converter.swift */; };
		C59723DD2845142E00DFD211 /* README.md in Resources */ = {isa = PBXBuildFile; fileRef = C59723DC2845142E00DFD211 /* README.md */; };
/* End PBXBuildFile section */

/* Begin PBXFileReference section */
		C57FB3AA2845072C0056BAEF /* MVVMDemo.app */ = {isa = PBXFileReference; explicitFileType = wrapper.application; includeInIndex = 0; path = MVVMDemo.app; sourceTree = BUILT_PRODUCTS_DIR; };
		C57FB3AD2845072C0056BAEF /* AppDelegate.swift */ = {isa = PBXFileReference; lastKnownFileType = sourcecode.swift; path = AppDelegate.swift; sourceTree = "<group>"; };
		C57FB3AF2845072C0056BAEF /* SceneDelegate.swift */ = {isa = PBXFileReference; lastKnownFileType = sourcecode.swift; path = SceneDelegate.swift; sourceTree = "<group>"; };
		C57FB3B42845072C0056BAEF /* Base */ = {isa = PBXFileReference; lastKnownFileType = file.storyboard; name = Base; path = Base.lproj/Main.storyboard; sourceTree = "<group>"; };
		C57FB3B62845072E0056BAEF /* Assets.xcassets */ = {isa = PBXFileReference; lastKnownFileType = folder.assetcatalog; path = Assets.xcassets; sourceTree = "<group>"; };
		C57FB3B92845072E0056BAEF /* Base */ = {isa = PBXFileReference; lastKnownFileType = file.storyboard; name = Base; path = Base.lproj/LaunchScreen.storyboard; sourceTree = "<group>"; };
		C57FB3BB2845072E0056BAEF /* Info.plist */ = {isa = PBXFileReference; lastKnownFileType = text.plist.xml; path = Info.plist; sourceTree = "<group>"; };
		C57FB3F02845095C0056BAEF /* CurrencyCell.swift */ = {isa = PBXFileReference; fileEncoding = 4; lastKnownFileType = sourcecode.swift; path = CurrencyCell.swift; sourceTree = "<group>"; };
		C57FB3F22845095C0056BAEF /* CurrencyViewController.swift */ = {isa = PBXFileReference; fileEncoding = 4; lastKnownFileType = sourcecode.swift; path = CurrencyViewController.swift; sourceTree = "<group>"; };
		C57FB3F32845095C0056BAEF /* CurrencyConverterViewController.swift */ = {isa = PBXFileReference; fileEncoding = 4; lastKnownFileType = sourcecode.swift; path = CurrencyConverterViewController.swift; sourceTree = "<group>"; };
		C57FB3F52845095C0056BAEF /* CurrencyDataSource.swift */ = {isa = PBXFileReference; fileEncoding = 4; lastKnownFileType = sourcecode.swift; path = CurrencyDataSource.swift; sourceTree = "<group>"; };
		C57FB3F62845095C0056BAEF /* CurrencyViewModel.swift */ = {isa = PBXFileReference; fileEncoding = 4; lastKnownFileType = sourcecode.swift; path = CurrencyViewModel.swift; sourceTree = "<group>"; };
		C57FB3F92845095C0056BAEF /* Result.swift */ = {isa = PBXFileReference; fileEncoding = 4; lastKnownFileType = sourcecode.swift; path = Result.swift; sourceTree = "<group>"; };
		C57FB3FA2845095C0056BAEF /* ErrorResult.swift */ = {isa = PBXFileReference; fileEncoding = 4; lastKnownFileType = sourcecode.swift; path = ErrorResult.swift; sourceTree = "<group>"; };
		C57FB3FB2845095C0056BAEF /* CurrencyService.swift */ = {isa = PBXFileReference; fileEncoding = 4; lastKnownFileType = sourcecode.swift; path = CurrencyService.swift; sourceTree = "<group>"; };
		C57FB3FD2845095C0056BAEF /* RequestService.swift */ = {isa = PBXFileReference; fileEncoding = 4; lastKnownFileType = sourcecode.swift; path = RequestService.swift; sourceTree = "<group>"; };
		C57FB3FE2845095C0056BAEF /* RequestHandler.swift */ = {isa = PBXFileReference; fileEncoding = 4; lastKnownFileType = sourcecode.swift; path = RequestHandler.swift; sourceTree = "<group>"; };
		C57FB3FF2845095C0056BAEF /* RequestFactory.swift */ = {isa = PBXFileReference; fileEncoding = 4; lastKnownFileType = sourcecode.swift; path = RequestFactory.swift; sourceTree = "<group>"; };
		C57FB4012845095C0056BAEF /* ParserHelper.swift */ = {isa = PBXFileReference; fileEncoding = 4; lastKnownFileType = sourcecode.swift; path = ParserHelper.swift; sourceTree = "<group>"; };
		C57FB4032845095C0056BAEF /* AlertControllerHelper.swift */ = {isa = PBXFileReference; fileEncoding = 4; lastKnownFileType = sourcecode.swift; path = AlertControllerHelper.swift; sourceTree = "<group>"; };
		C57FB4042845095C0056BAEF /* Extensions.swift */ = {isa = PBXFileReference; fileEncoding = 4; lastKnownFileType = sourcecode.swift; path = Extensions.swift; sourceTree = "<group>"; };
		C57FB4052845095C0056BAEF /* Reachability.swift */ = {isa = PBXFileReference; fileEncoding = 4; lastKnownFileType = sourcecode.swift; path = Reachability.swift; sourceTree = "<group>"; };
		C57FB4072845095C0056BAEF /* Currency.swift */ = {isa = PBXFileReference; fileEncoding = 4; lastKnownFileType = sourcecode.swift; path = Currency.swift; sourceTree = "<group>"; };
		C57FB4082845095C0056BAEF /* DynamicValue.swift */ = {isa = PBXFileReference; fileEncoding = 4; lastKnownFileType = sourcecode.swift; path = DynamicValue.swift; sourceTree = "<group>"; };
		C57FB4092845095C0056BAEF /* Converter.swift */ = {isa = PBXFileReference; fileEncoding = 4; lastKnownFileType = sourcecode.swift; path = Converter.swift; sourceTree = "<group>"; };
		C59723DC2845142E00DFD211 /* README.md */ = {isa = PBXFileReference; lastKnownFileType = net.daringfireball.markdown; path = README.md; sourceTree = "<group>"; };
/* End PBXFileReference section */

/* Begin PBXFrameworksBuildPhase section */
		C57FB3A72845072C0056BAEF /* Frameworks */ = {
			isa = PBXFrameworksBuildPhase;
			buildActionMask = 2147483647;
			files = (
			);
			runOnlyForDeploymentPostprocessing = 0;
		};
/* End PBXFrameworksBuildPhase section */

/* Begin PBXGroup section */
		C57FB3A12845072C0056BAEF = {
			isa = PBXGroup;
			children = (
				C57FB3AC2845072C0056BAEF /* MVVMDemo */,
				C57FB3AB2845072C0056BAEF /* Products */,
			);
			sourceTree = "<group>";
		};
		C57FB3AB2845072C0056BAEF /* Products */ = {
			isa = PBXGroup;
			children = (
				C57FB3AA2845072C0056BAEF /* MVVMDemo.app */,
			);
			name = Products;
			sourceTree = "<group>";
		};
		C57FB3AC2845072C0056BAEF /* MVVMDemo */ = {
			isa = PBXGroup;
			children = (
				C57FB4062845095C0056BAEF /* Model */,
				C57FB4022845095C0056BAEF /* Resources */,
				C57FB3F72845095C0056BAEF /* Service */,
				C57FB3EE2845095C0056BAEF /* View */,
				C57FB3F42845095C0056BAEF /* ViewModel */,
				C57FB3AD2845072C0056BAEF /* AppDelegate.swift */,
				C57FB3AF2845072C0056BAEF /* SceneDelegate.swift */,
				C59723DC2845142E00DFD211 /* README.md */,
				C57FB3B32845072C0056BAEF /* Main.storyboard */,
				C57FB3B62845072E0056BAEF /* Assets.xcassets */,
				C57FB3B82845072E0056BAEF /* LaunchScreen.storyboard */,
				C57FB3BB2845072E0056BAEF /* Info.plist */,
			);
			path = MVVMDemo;
			sourceTree = "<group>";
		};
		C57FB3EE2845095C0056BAEF /* View */ = {
			isa = PBXGroup;
			children = (
				C57FB3EF2845095C0056BAEF /* TableviewCells */,
				C57FB3F12845095C0056BAEF /* ViewControllers */,
			);
			path = View;
			sourceTree = "<group>";
		};
		C57FB3EF2845095C0056BAEF /* TableviewCells */ = {
			isa = PBXGroup;
			children = (
				C57FB3F02845095C0056BAEF /* CurrencyCell.swift */,
			);
			path = TableviewCells;
			sourceTree = "<group>";
		};
		C57FB3F12845095C0056BAEF /* ViewControllers */ = {
			isa = PBXGroup;
			children = (
				C57FB3F22845095C0056BAEF /* CurrencyViewController.swift */,
				C57FB3F32845095C0056BAEF /* CurrencyConverterViewController.swift */,
			);
			path = ViewControllers;
			sourceTree = "<group>";
		};
		C57FB3F42845095C0056BAEF /* ViewModel */ = {
			isa = PBXGroup;
			children = (
				C57FB3F52845095C0056BAEF /* CurrencyDataSource.swift */,
				C57FB3F62845095C0056BAEF /* CurrencyViewModel.swift */,
			);
			path = ViewModel;
			sourceTree = "<group>";
		};
		C57FB3F72845095C0056BAEF /* Service */ = {
			isa = PBXGroup;
			children = (
				C57FB3FB2845095C0056BAEF /* CurrencyService.swift */,
				C57FB3F82845095C0056BAEF /* Result */,
				C57FB3FC2845095C0056BAEF /* Network */,
				C57FB4002845095C0056BAEF /* Parser */,
			);
			path = Service;
			sourceTree = "<group>";
		};
		C57FB3F82845095C0056BAEF /* Result */ = {
			isa = PBXGroup;
			children = (
				C57FB3F92845095C0056BAEF /* Result.swift */,
				C57FB3FA2845095C0056BAEF /* ErrorResult.swift */,
			);
			path = Result;
			sourceTree = "<group>";
		};
		C57FB3FC2845095C0056BAEF /* Network */ = {
			isa = PBXGroup;
			children = (
				C57FB3FD2845095C0056BAEF /* RequestService.swift */,
				C57FB3FE2845095C0056BAEF /* RequestHandler.swift */,
				C57FB3FF2845095C0056BAEF /* RequestFactory.swift */,
			);
			path = Network;
			sourceTree = "<group>";
		};
		C57FB4002845095C0056BAEF /* Parser */ = {
			isa = PBXGroup;
			children = (
				C57FB4012845095C0056BAEF /* ParserHelper.swift */,
			);
			path = Parser;
			sourceTree = "<group>";
		};
		C57FB4022845095C0056BAEF /* Resources */ = {
			isa = PBXGroup;
			children = (
				C57FB4032845095C0056BAEF /* AlertControllerHelper.swift */,
				C57FB4042845095C0056BAEF /* Extensions.swift */,
				C57FB4052845095C0056BAEF /* Reachability.swift */,
			);
			path = Resources;
			sourceTree = "<group>";
		};
		C57FB4062845095C0056BAEF /* Model */ = {
			isa = PBXGroup;
			children = (
				C57FB4072845095C0056BAEF /* Currency.swift */,
				C57FB4082845095C0056BAEF /* DynamicValue.swift */,
				C57FB4092845095C0056BAEF /* Converter.swift */,
			);
			path = Model;
			sourceTree = "<group>";
		};
/* End PBXGroup section */

/* Begin PBXNativeTarget section */
		C57FB3A92845072C0056BAEF /* MVVMDemo */ = {
			isa = PBXNativeTarget;
			buildConfigurationList = C57FB3BE2845072E0056BAEF /* Build configuration list for PBXNativeTarget "MVVMDemo" */;
			buildPhases = (
				C57FB3A62845072C0056BAEF /* Sources */,
				C57FB3A72845072C0056BAEF /* Frameworks */,
				C57FB3A82845072C0056BAEF /* Resources */,
			);
			buildRules = (
			);
			dependencies = (
			);
			name = MVVMDemo;
			productName = MVVMDemo;
			productReference = C57FB3AA2845072C0056BAEF /* MVVMDemo.app */;
			productType = "com.apple.product-type.application";
		};
/* End PBXNativeTarget section */

/* Begin PBXProject section */
		C57FB3A22845072C0056BAEF /* Project object */ = {
			isa = PBXProject;
			attributes = {
				BuildIndependentTargetsInParallel = 1;
				LastSwiftUpdateCheck = 1320;
				LastUpgradeCheck = 1320;
				TargetAttributes = {
					C57FB3A92845072C0056BAEF = {
						CreatedOnToolsVersion = 13.2.1;
					};
				};
			};
			buildConfigurationList = C57FB3A52845072C0056BAEF /* Build configuration list for PBXProject "MVVMDemo" */;
			compatibilityVersion = "Xcode 13.0";
			developmentRegion = en;
			hasScannedForEncodings = 0;
			knownRegions = (
				en,
				Base,
			);
			mainGroup = C57FB3A12845072C0056BAEF;
			productRefGroup = C57FB3AB2845072C0056BAEF /* Products */;
			projectDirPath = "";
			projectRoot = "";
			targets = (
				C57FB3A92845072C0056BAEF /* MVVMDemo */,
			);
		};
/* End PBXProject section */

/* Begin PBXResourcesBuildPhase section */
		C57FB3A82845072C0056BAEF /* Resources */ = {
			isa = PBXResourcesBuildPhase;
			buildActionMask = 2147483647;
			files = (
				C57FB3BA2845072E0056BAEF /* LaunchScreen.storyboard in Resources */,
				C57FB3B72845072E0056BAEF /* Assets.xcassets in Resources */,
				C59723DD2845142E00DFD211 /* README.md in Resources */,
				C57FB3B52845072C0056BAEF /* Main.storyboard in Resources */,
			);
			runOnlyForDeploymentPostprocessing = 0;
		};
/* End PBXResourcesBuildPhase section */

/* Begin PBXSourcesBuildPhase section */
		C57FB3A62845072C0056BAEF /* Sources */ = {
			isa = PBXSourcesBuildPhase;
			buildActionMask = 2147483647;
			files = (
				C57FB4192845095C0056BAEF /* Currency.swift in Sources */,
				C57FB4112845095C0056BAEF /* CurrencyService.swift in Sources */,
				C57FB40C2845095C0056BAEF /* CurrencyConverterViewController.swift in Sources */,
				C57FB4132845095C0056BAEF /* RequestHandler.swift in Sources */,
				C57FB4142845095C0056BAEF /* RequestFactory.swift in Sources */,
				C57FB4152845095C0056BAEF /* ParserHelper.swift in Sources */,
				C57FB40A2845095C0056BAEF /* CurrencyCell.swift in Sources */,
				C57FB4182845095C0056BAEF /* Reachability.swift in Sources */,
				C57FB4122845095C0056BAEF /* RequestService.swift in Sources */,
				C57FB40B2845095C0056BAEF /* CurrencyViewController.swift in Sources */,
				C57FB40E2845095C0056BAEF /* CurrencyViewModel.swift in Sources */,
				C57FB3AE2845072C0056BAEF /* AppDelegate.swift in Sources */,
				C57FB3B02845072C0056BAEF /* SceneDelegate.swift in Sources */,
				C57FB4172845095C0056BAEF /* Extensions.swift in Sources */,
				C57FB41B2845095C0056BAEF /* Converter.swift in Sources */,
				C57FB4102845095C0056BAEF /* ErrorResult.swift in Sources */,
				C57FB4162845095C0056BAEF /* AlertControllerHelper.swift in Sources */,
				C57FB40F2845095C0056BAEF /* Result.swift in Sources */,
				C57FB41A2845095C0056BAEF /* DynamicValue.swift in Sources */,
				C57FB40D2845095C0056BAEF /* CurrencyDataSource.swift in Sources */,
			);
			runOnlyForDeploymentPostprocessing = 0;
		};
/* End PBXSourcesBuildPhase section */

/* Begin PBXVariantGroup section */
		C57FB3B32845072C0056BAEF /* Main.storyboard */ = {
			isa = PBXVariantGroup;
			children = (
				C57FB3B42845072C0056BAEF /* Base */,
			);
			name = Main.storyboard;
			sourceTree = "<group>";
		};
		C57FB3B82845072E0056BAEF /* LaunchScreen.storyboard */ = {
			isa = PBXVariantGroup;
			children = (
				C57FB3B92845072E0056BAEF /* Base */,
			);
			name = LaunchScreen.storyboard;
			sourceTree = "<group>";
		};
/* End PBXVariantGroup section */

/* Begin XCBuildConfiguration section */
		C57FB3BC2845072E0056BAEF /* Debug */ = {
			isa = XCBuildConfiguration;
			buildSettings = {
				ALWAYS_SEARCH_USER_PATHS = NO;
				CLANG_ANALYZER_NONNULL = YES;
				CLANG_ANALYZER_NUMBER_OBJECT_CONVERSION = YES_AGGRESSIVE;
				CLANG_CXX_LANGUAGE_STANDARD = "gnu++17";
				CLANG_CXX_LIBRARY = "libc++";
				CLANG_ENABLE_MODULES = YES;
				CLANG_ENABLE_OBJC_ARC = YES;
				CLANG_ENABLE_OBJC_WEAK = YES;
				CLANG_WARN_BLOCK_CAPTURE_AUTORELEASING = YES;
				CLANG_WARN_BOOL_CONVERSION = YES;
				CLANG_WARN_COMMA = YES;
				CLANG_WARN_CONSTANT_CONVERSION = YES;
				CLANG_WARN_DEPRECATED_OBJC_IMPLEMENTATIONS = YES;
				CLANG_WARN_DIRECT_OBJC_ISA_USAGE = YES_ERROR;
				CLANG_WARN_DOCUMENTATION_COMMENTS = YES;
				CLANG_WARN_EMPTY_BODY = YES;
				CLANG_WARN_ENUM_CONVERSION = YES;
				CLANG_WARN_INFINITE_RECURSION = YES;
				CLANG_WARN_INT_CONVERSION = YES;
				CLANG_WARN_NON_LITERAL_NULL_CONVERSION = YES;
				CLANG_WARN_OBJC_IMPLICIT_RETAIN_SELF = YES;
				CLANG_WARN_OBJC_LITERAL_CONVERSION = YES;
				CLANG_WARN_OBJC_ROOT_CLASS = YES_ERROR;
				CLANG_WARN_QUOTED_INCLUDE_IN_FRAMEWORK_HEADER = YES;
				CLANG_WARN_RANGE_LOOP_ANALYSIS = YES;
				CLANG_WARN_STRICT_PROTOTYPES = YES;
				CLANG_WARN_SUSPICIOUS_MOVE = YES;
				CLANG_WARN_UNGUARDED_AVAILABILITY = YES_AGGRESSIVE;
				CLANG_WARN_UNREACHABLE_CODE = YES;
				CLANG_WARN__DUPLICATE_METHOD_MATCH = YES;
				COPY_PHASE_STRIP = NO;
				DEBUG_INFORMATION_FORMAT = dwarf;
				ENABLE_STRICT_OBJC_MSGSEND = YES;
				ENABLE_TESTABILITY = YES;
				GCC_C_LANGUAGE_STANDARD = gnu11;
				GCC_DYNAMIC_NO_PIC = NO;
				GCC_NO_COMMON_BLOCKS = YES;
				GCC_OPTIMIZATION_LEVEL = 0;
				GCC_PREPROCESSOR_DEFINITIONS = (
					"DEBUG=1",
					"$(inherited)",
				);
				GCC_WARN_64_TO_32_BIT_CONVERSION = YES;
				GCC_WARN_ABOUT_RETURN_TYPE = YES_ERROR;
				GCC_WARN_UNDECLARED_SELECTOR = YES;
				GCC_WARN_UNINITIALIZED_AUTOS = YES_AGGRESSIVE;
				GCC_WARN_UNUSED_FUNCTION = YES;
				GCC_WARN_UNUSED_VARIABLE = YES;
				IPHONEOS_DEPLOYMENT_TARGET = 15.2;
				MTL_ENABLE_DEBUG_INFO = INCLUDE_SOURCE;
				MTL_FAST_MATH = YES;
				ONLY_ACTIVE_ARCH = YES;
				SDKROOT = iphoneos;
				SWIFT_ACTIVE_COMPILATION_CONDITIONS = DEBUG;
				SWIFT_OPTIMIZATION_LEVEL = "-Onone";
			};
			name = Debug;
		};
		C57FB3BD2845072E0056BAEF /* Release */ = {
			isa = XCBuildConfiguration;
			buildSettings = {
				ALWAYS_SEARCH_USER_PATHS = NO;
				CLANG_ANALYZER_NONNULL = YES;
				CLANG_ANALYZER_NUMBER_OBJECT_CONVERSION = YES_AGGRESSIVE;
				CLANG_CXX_LANGUAGE_STANDARD = "gnu++17";
				CLANG_CXX_LIBRARY = "libc++";
				CLANG_ENABLE_MODULES = YES;
				CLANG_ENABLE_OBJC_ARC = YES;
				CLANG_ENABLE_OBJC_WEAK = YES;
				CLANG_WARN_BLOCK_CAPTURE_AUTORELEASING = YES;
				CLANG_WARN_BOOL_CONVERSION = YES;
				CLANG_WARN_COMMA = YES;
				CLANG_WARN_CONSTANT_CONVERSION = YES;
				CLANG_WARN_DEPRECATED_OBJC_IMPLEMENTATIONS = YES;
				CLANG_WARN_DIRECT_OBJC_ISA_USAGE = YES_ERROR;
				CLANG_WARN_DOCUMENTATION_COMMENTS = YES;
				CLANG_WARN_EMPTY_BODY = YES;
				CLANG_WARN_ENUM_CONVERSION = YES;
				CLANG_WARN_INFINITE_RECURSION = YES;
				CLANG_WARN_INT_CONVERSION = YES;
				CLANG_WARN_NON_LITERAL_NULL_CONVERSION = YES;
				CLANG_WARN_OBJC_IMPLICIT_RETAIN_SELF = YES;
				CLANG_WARN_OBJC_LITERAL_CONVERSION = YES;
				CLANG_WARN_OBJC_ROOT_CLASS = YES_ERROR;
				CLANG_WARN_QUOTED_INCLUDE_IN_FRAMEWORK_HEADER = YES;
				CLANG_WARN_RANGE_LOOP_ANALYSIS = YES;
				CLANG_WARN_STRICT_PROTOTYPES = YES;
				CLANG_WARN_SUSPICIOUS_MOVE = YES;
				CLANG_WARN_UNGUARDED_AVAILABILITY = YES_AGGRESSIVE;
				CLANG_WARN_UNREACHABLE_CODE = YES;
				CLANG_WARN__DUPLICATE_METHOD_MATCH = YES;
				COPY_PHASE_STRIP = NO;
				DEBUG_INFORMATION_FORMAT = "dwarf-with-dsym";
				ENABLE_NS_ASSERTIONS = NO;
				ENABLE_STRICT_OBJC_MSGSEND = YES;
				GCC_C_LANGUAGE_STANDARD = gnu11;
				GCC_NO_COMMON_BLOCKS = YES;
				GCC_WARN_64_TO_32_BIT_CONVERSION = YES;
				GCC_WARN_ABOUT_RETURN_TYPE = YES_ERROR;
				GCC_WARN_UNDECLARED_SELECTOR = YES;
				GCC_WARN_UNINITIALIZED_AUTOS = YES_AGGRESSIVE;
				GCC_WARN_UNUSED_FUNCTION = YES;
				GCC_WARN_UNUSED_VARIABLE = YES;
				IPHONEOS_DEPLOYMENT_TARGET = 15.2;
				MTL_ENABLE_DEBUG_INFO = NO;
				MTL_FAST_MATH = YES;
				SDKROOT = iphoneos;
				SWIFT_COMPILATION_MODE = wholemodule;
				SWIFT_OPTIMIZATION_LEVEL = "-O";
				VALIDATE_PRODUCT = YES;
			};
			name = Release;
		};
		C57FB3BF2845072E0056BAEF /* Debug */ = {
			isa = XCBuildConfiguration;
			buildSettings = {
				ASSETCATALOG_COMPILER_APPICON_NAME = AppIcon;
				ASSETCATALOG_COMPILER_GLOBAL_ACCENT_COLOR_NAME = AccentColor;
				CODE_SIGN_STYLE = Automatic;
				CURRENT_PROJECT_VERSION = 1;
				GENERATE_INFOPLIST_FILE = YES;
				INFOPLIST_FILE = MVVMDemo/Info.plist;
				INFOPLIST_KEY_UIApplicationSupportsIndirectInputEvents = YES;
				INFOPLIST_KEY_UILaunchStoryboardName = LaunchScreen;
				INFOPLIST_KEY_UIMainStoryboardFile = Main;
				INFOPLIST_KEY_UISupportedInterfaceOrientations = UIInterfaceOrientationPortrait;
				INFOPLIST_KEY_UISupportedInterfaceOrientations_iPad = "UIInterfaceOrientationPortrait UIInterfaceOrientationPortraitUpsideDown UIInterfaceOrientationLandscapeLeft UIInterfaceOrientationLandscapeRight";
				INFOPLIST_KEY_UISupportedInterfaceOrientations_iPhone = "UIInterfaceOrientationPortrait UIInterfaceOrientationLandscapeLeft UIInterfaceOrientationLandscapeRight";
				IPHONEOS_DEPLOYMENT_TARGET = 15.2;
				LD_RUNPATH_SEARCH_PATHS = (
					"$(inherited)",
					"@executable_path/Frameworks",
				);
				MARKETING_VERSION = 1.0;
				PRODUCT_BUNDLE_IDENTIFIER = com.Muazam.MVVMDemo;
				PRODUCT_NAME = "$(TARGET_NAME)";
				SWIFT_EMIT_LOC_STRINGS = YES;
				SWIFT_VERSION = 5.0;
				TARGETED_DEVICE_FAMILY = 1;
			};
			name = Debug;
		};
		C57FB3C02845072E0056BAEF /* Release */ = {
			isa = XCBuildConfiguration;
			buildSettings = {
				ASSETCATALOG_COMPILER_APPICON_NAME = AppIcon;
				ASSETCATALOG_COMPILER_GLOBAL_ACCENT_COLOR_NAME = AccentColor;
				CODE_SIGN_STYLE = Automatic;
				CURRENT_PROJECT_VERSION = 1;
				GENERATE_INFOPLIST_FILE = YES;
				INFOPLIST_FILE = MVVMDemo/Info.plist;
				INFOPLIST_KEY_UIApplicationSupportsIndirectInputEvents = YES;
				INFOPLIST_KEY_UILaunchStoryboardName = LaunchScreen;
				INFOPLIST_KEY_UIMainStoryboardFile = Main;
				INFOPLIST_KEY_UISupportedInterfaceOrientations = UIInterfaceOrientationPortrait;
				INFOPLIST_KEY_UISupportedInterfaceOrientations_iPad = "UIInterfaceOrientationPortrait UIInterfaceOrientationPortraitUpsideDown UIInterfaceOrientationLandscapeLeft UIInterfaceOrientationLandscapeRight";
				INFOPLIST_KEY_UISupportedInterfaceOrientations_iPhone = "UIInterfaceOrientationPortrait UIInterfaceOrientationLandscapeLeft UIInterfaceOrientationLandscapeRight";
				IPHONEOS_DEPLOYMENT_TARGET = 15.2;
				LD_RUNPATH_SEARCH_PATHS = (
					"$(inherited)",
					"@executable_path/Frameworks",
				);
				MARKETING_VERSION = 1.0;
				PRODUCT_BUNDLE_IDENTIFIER = com.Muazam.MVVMDemo;
				PRODUCT_NAME = "$(TARGET_NAME)";
				SWIFT_EMIT_LOC_STRINGS = YES;
				SWIFT_VERSION = 5.0;
				TARGETED_DEVICE_FAMILY = 1;
			};
			name = Release;
		};
/* End XCBuildConfiguration section */

/* Begin XCConfigurationList section */
		C57FB3A52845072C0056BAEF /* Build configuration list for PBXProject "MVVMDemo" */ = {
			isa = XCConfigurationList;
			buildConfigurations = (
				C57FB3BC2845072E0056BAEF /* Debug */,
				C57FB3BD2845072E0056BAEF /* Release */,
			);
			defaultConfigurationIsVisible = 0;
			defaultConfigurationName = Release;
		};
		C57FB3BE2845072E0056BAEF /* Build configuration list for PBXNativeTarget "MVVMDemo" */ = {
			isa = XCConfigurationList;
			buildConfigurations = (
				C57FB3BF2845072E0056BAEF /* Debug */,
				C57FB3C02845072E0056BAEF /* Release */,
			);
			defaultConfigurationIsVisible = 0;
			defaultConfigurationName = Release;
		};
/* End XCConfigurationList section */
	};
	rootObject = C57FB3A22845072C0056BAEF /* Project object */;
}
